// !$*UTF8*$!
{
	archiveVersion = 1;
	classes = {
	};
	objectVersion = 56;
	objects = {

/* Begin PBXBuildFile section */
		03BE55D129B1C6CA00202CCB /* AppDelegate.swift in Sources */ = {isa = PBXBuildFile; fileRef = 03BE55D029B1C6CA00202CCB /* AppDelegate.swift */; };
		03BE55D329B1C6CA00202CCB /* SceneDelegate.swift in Sources */ = {isa = PBXBuildFile; fileRef = 03BE55D229B1C6CA00202CCB /* SceneDelegate.swift */; };
		03BE55D529B1C6CA00202CCB /* MoviesViewController.swift in Sources */ = {isa = PBXBuildFile; fileRef = 03BE55D429B1C6CA00202CCB /* MoviesViewController.swift */; };
		03BE55D829B1C6CA00202CCB /* Main.storyboard in Resources */ = {isa = PBXBuildFile; fileRef = 03BE55D629B1C6CA00202CCB /* Main.storyboard */; };
		03BE55DA29B1C6CD00202CCB /* Assets.xcassets in Resources */ = {isa = PBXBuildFile; fileRef = 03BE55D929B1C6CD00202CCB /* Assets.xcassets */; };
		03BE55DD29B1C6CD00202CCB /* LaunchScreen.storyboard in Resources */ = {isa = PBXBuildFile; fileRef = 03BE55DB29B1C6CD00202CCB /* LaunchScreen.storyboard */; };
		03BE55E529B1C6E600202CCB /* Movie.swift in Sources */ = {isa = PBXBuildFile; fileRef = 03BE55E429B1C6E600202CCB /* Movie.swift */; };
		03BE55EA29B1C98300202CCB /* Nuke in Frameworks */ = {isa = PBXBuildFile; productRef = 03BE55E929B1C98300202CCB /* Nuke */; };
		03BE55EE29B1E01300202CCB /* MovieCell.swift in Sources */ = {isa = PBXBuildFile; fileRef = 03BE55ED29B1E01300202CCB /* MovieCell.swift */; };
		03CBB22129B3269E0056AA4D /* DetailViewController.swift in Sources */ = {isa = PBXBuildFile; fileRef = 03CBB22029B3269E0056AA4D /* DetailViewController.swift */; };
/* End PBXBuildFile section */

/* Begin PBXFileReference section */
		03BE55CD29B1C6CA00202CCB /* Flixter-Pt-1.app */ = {isa = PBXFileReference; explicitFileType = wrapper.application; includeInIndex = 0; path = "Flixter-Pt-1.app"; sourceTree = BUILT_PRODUCTS_DIR; };
		03BE55D029B1C6CA00202CCB /* AppDelegate.swift */ = {isa = PBXFileReference; lastKnownFileType = sourcecode.swift; path = AppDelegate.swift; sourceTree = "<group>"; };
		03BE55D229B1C6CA00202CCB /* SceneDelegate.swift */ = {isa = PBXFileReference; lastKnownFileType = sourcecode.swift; path = SceneDelegate.swift; sourceTree = "<group>"; };
		03BE55D429B1C6CA00202CCB /* MoviesViewController.swift */ = {isa = PBXFileReference; lastKnownFileType = sourcecode.swift; path = MoviesViewController.swift; sourceTree = "<group>"; };
		03BE55D729B1C6CA00202CCB /* Base */ = {isa = PBXFileReference; lastKnownFileType = file.storyboard; name = Base; path = Base.lproj/Main.storyboard; sourceTree = "<group>"; };
		03BE55D929B1C6CD00202CCB /* Assets.xcassets */ = {isa = PBXFileReference; lastKnownFileType = folder.assetcatalog; path = Assets.xcassets; sourceTree = "<group>"; };
		03BE55DC29B1C6CD00202CCB /* Base */ = {isa = PBXFileReference; lastKnownFileType = file.storyboard; name = Base; path = Base.lproj/LaunchScreen.storyboard; sourceTree = "<group>"; };
		03BE55DE29B1C6CD00202CCB /* Info.plist */ = {isa = PBXFileReference; lastKnownFileType = text.plist.xml; path = Info.plist; sourceTree = "<group>"; };
		03BE55E429B1C6E600202CCB /* Movie.swift */ = {isa = PBXFileReference; lastKnownFileType = sourcecode.swift; path = Movie.swift; sourceTree = "<group>"; };
		03BE55ED29B1E01300202CCB /* MovieCell.swift */ = {isa = PBXFileReference; lastKnownFileType = sourcecode.swift; path = MovieCell.swift; sourceTree = "<group>"; };
		03CBB22029B3269E0056AA4D /* DetailViewController.swift */ = {isa = PBXFileReference; lastKnownFileType = sourcecode.swift; path = DetailViewController.swift; sourceTree = "<group>"; };
/* End PBXFileReference section */

/* Begin PBXFrameworksBuildPhase section */
		03BE55CA29B1C6CA00202CCB /* Frameworks */ = {
			isa = PBXFrameworksBuildPhase;
			buildActionMask = 2147483647;
			files = (
				03BE55EA29B1C98300202CCB /* Nuke in Frameworks */,
			);
			runOnlyForDeploymentPostprocessing = 0;
		};
/* End PBXFrameworksBuildPhase section */

/* Begin PBXGroup section */
		03BE55C429B1C6CA00202CCB = {
			isa = PBXGroup;
			children = (
				03BE55CF29B1C6CA00202CCB /* Flixter-Pt-1 */,
				03BE55CE29B1C6CA00202CCB /* Products */,
			);
			sourceTree = "<group>";
		};
		03BE55CE29B1C6CA00202CCB /* Products */ = {
			isa = PBXGroup;
			children = (
				03BE55CD29B1C6CA00202CCB /* Flixter-Pt-1.app */,
			);
			name = Products;
			sourceTree = "<group>";
		};
		03BE55CF29B1C6CA00202CCB /* Flixter-Pt-1 */ = {
			isa = PBXGroup;
			children = (
				03BE55E429B1C6E600202CCB /* Movie.swift */,
				03BE55D429B1C6CA00202CCB /* MoviesViewController.swift */,
				03CBB22029B3269E0056AA4D /* DetailViewController.swift */,
				03BE55ED29B1E01300202CCB /* MovieCell.swift */,
				03BE55D029B1C6CA00202CCB /* AppDelegate.swift */,
				03BE55D229B1C6CA00202CCB /* SceneDelegate.swift */,
				03BE55D629B1C6CA00202CCB /* Main.storyboard */,
				03BE55D929B1C6CD00202CCB /* Assets.xcassets */,
				03BE55DB29B1C6CD00202CCB /* LaunchScreen.storyboard */,
				03BE55DE29B1C6CD00202CCB /* Info.plist */,
			);
			path = "Flixter-Pt-1";
			sourceTree = "<group>";
		};
/* End PBXGroup section */

/* Begin PBXNativeTarget section */
		03BE55CC29B1C6CA00202CCB /* Flixter-Pt-1 */ = {
			isa = PBXNativeTarget;
			buildConfigurationList = 03BE55E129B1C6CD00202CCB /* Build configuration list for PBXNativeTarget "Flixter-Pt-1" */;
			buildPhases = (
				03BE55C929B1C6CA00202CCB /* Sources */,
				03BE55CA29B1C6CA00202CCB /* Frameworks */,
				03BE55CB29B1C6CA00202CCB /* Resources */,
			);
			buildRules = (
			);
			dependencies = (
			);
			name = "Flixter-Pt-1";
			packageProductDependencies = (
				03BE55E929B1C98300202CCB /* Nuke */,
			);
			productName = "Flixter-Pt-1";
			productReference = 03BE55CD29B1C6CA00202CCB /* Flixter-Pt-1.app */;
			productType = "com.apple.product-type.application";
		};
/* End PBXNativeTarget section */

/* Begin PBXProject section */
		03BE55C529B1C6CA00202CCB /* Project object */ = {
			isa = PBXProject;
			attributes = {
				BuildIndependentTargetsInParallel = 1;
				LastSwiftUpdateCheck = 1420;
				LastUpgradeCheck = 1420;
				TargetAttributes = {
					03BE55CC29B1C6CA00202CCB = {
						CreatedOnToolsVersion = 14.2;
					};
				};
			};
			buildConfigurationList = 03BE55C829B1C6CA00202CCB /* Build configuration list for PBXProject "Flixter-Pt-1" */;
			compatibilityVersion = "Xcode 14.0";
			developmentRegion = en;
			hasScannedForEncodings = 0;
			knownRegions = (
				en,
				Base,
			);
			mainGroup = 03BE55C429B1C6CA00202CCB;
			packageReferences = (
				03BE55E829B1C98300202CCB /* XCRemoteSwiftPackageReference "Nuke" */,
			);
			productRefGroup = 03BE55CE29B1C6CA00202CCB /* Products */;
			projectDirPath = "";
			projectRoot = "";
			targets = (
				03BE55CC29B1C6CA00202CCB /* Flixter-Pt-1 */,
			);
		};
/* End PBXProject section */

/* Begin PBXResourcesBuildPhase section */
		03BE55CB29B1C6CA00202CCB /* Resources */ = {
			isa = PBXResourcesBuildPhase;
			buildActionMask = 2147483647;
			files = (
				03BE55DD29B1C6CD00202CCB /* LaunchScreen.storyboard in Resources */,
				03BE55DA29B1C6CD00202CCB /* Assets.xcassets in Resources */,
				03BE55D829B1C6CA00202CCB /* Main.storyboard in Resources */,
			);
			runOnlyForDeploymentPostprocessing = 0;
		};
/* End PBXResourcesBuildPhase section */

/* Begin PBXSourcesBuildPhase section */
		03BE55C929B1C6CA00202CCB /* Sources */ = {
			isa = PBXSourcesBuildPhase;
			buildActionMask = 2147483647;
			files = (
				03BE55D529B1C6CA00202CCB /* MoviesViewController.swift in Sources */,
				03BE55D129B1C6CA00202CCB /* AppDelegate.swift in Sources */,
				03BE55E529B1C6E600202CCB /* Movie.swift in Sources */,
				03CBB22129B3269E0056AA4D /* DetailViewController.swift in Sources */,
				03BE55EE29B1E01300202CCB /* MovieCell.swift in Sources */,
				03BE55D329B1C6CA00202CCB /* SceneDelegate.swift in Sources */,
			);
			runOnlyForDeploymentPostprocessing = 0;
		};
/* End PBXSourcesBuildPhase section */

/* Begin PBXVariantGroup section */
		03BE55D629B1C6CA00202CCB /* Main.storyboard */ = {
			isa = PBXVariantGroup;
			children = (
				03BE55D729B1C6CA00202CCB /* Base */,
			);
			name = Main.storyboard;
			sourceTree = "<group>";
		};
		03BE55DB29B1C6CD00202CCB /* LaunchScreen.storyboard */ = {
			isa = PBXVariantGroup;
			children = (
				03BE55DC29B1C6CD00202CCB /* Base */,
			);
			name = LaunchScreen.storyboard;
			sourceTree = "<group>";
		};
/* End PBXVariantGroup section */

/* Begin XCBuildConfiguration section */
		03BE55DF29B1C6CD00202CCB /* Debug */ = {
			isa = XCBuildConfiguration;
			buildSettings = {
				ALWAYS_SEARCH_USER_PATHS = NO;
				CLANG_ANALYZER_NONNULL = YES;
				CLANG_ANALYZER_NUMBER_OBJECT_CONVERSION = YES_AGGRESSIVE;
				CLANG_CXX_LANGUAGE_STANDARD = "gnu++20";
				CLANG_ENABLE_MODULES = YES;
				CLANG_ENABLE_OBJC_ARC = YES;
				CLANG_ENABLE_OBJC_WEAK = YES;
				CLANG_WARN_BLOCK_CAPTURE_AUTORELEASING = YES;
				CLANG_WARN_BOOL_CONVERSION = YES;
				CLANG_WARN_COMMA = YES;
				CLANG_WARN_CONSTANT_CONVERSION = YES;
				CLANG_WARN_DEPRECATED_OBJC_IMPLEMENTATIONS = YES;
				CLANG_WARN_DIRECT_OBJC_ISA_USAGE = YES_ERROR;
				CLANG_WARN_DOCUMENTATION_COMMENTS = YES;
				CLANG_WARN_EMPTY_BODY = YES;
				CLANG_WARN_ENUM_CONVERSION = YES;
				CLANG_WARN_INFINITE_RECURSION = YES;
				CLANG_WARN_INT_CONVERSION = YES;
				CLANG_WARN_NON_LITERAL_NULL_CONVERSION = YES;
				CLANG_WARN_OBJC_IMPLICIT_RETAIN_SELF = YES;
				CLANG_WARN_OBJC_LITERAL_CONVERSION = YES;
				CLANG_WARN_OBJC_ROOT_CLASS = YES_ERROR;
				CLANG_WARN_QUOTED_INCLUDE_IN_FRAMEWORK_HEADER = YES;
				CLANG_WARN_RANGE_LOOP_ANALYSIS = YES;
				CLANG_WARN_STRICT_PROTOTYPES = YES;
				CLANG_WARN_SUSPICIOUS_MOVE = YES;
				CLANG_WARN_UNGUARDED_AVAILABILITY = YES_AGGRESSIVE;
				CLANG_WARN_UNREACHABLE_CODE = YES;
				CLANG_WARN__DUPLICATE_METHOD_MATCH = YES;
				COPY_PHASE_STRIP = NO;
				DEBUG_INFORMATION_FORMAT = dwarf;
				ENABLE_STRICT_OBJC_MSGSEND = YES;
				ENABLE_TESTABILITY = YES;
				GCC_C_LANGUAGE_STANDARD = gnu11;
				GCC_DYNAMIC_NO_PIC = NO;
				GCC_NO_COMMON_BLOCKS = YES;
				GCC_OPTIMIZATION_LEVEL = 0;
				GCC_PREPROCESSOR_DEFINITIONS = (
					"DEBUG=1",
					"$(inherited)",
				);
				GCC_WARN_64_TO_32_BIT_CONVERSION = YES;
				GCC_WARN_ABOUT_RETURN_TYPE = YES_ERROR;
				GCC_WARN_UNDECLARED_SELECTOR = YES;
				GCC_WARN_UNINITIALIZED_AUTOS = YES_AGGRESSIVE;
				GCC_WARN_UNUSED_FUNCTION = YES;
				GCC_WARN_UNUSED_VARIABLE = YES;
				IPHONEOS_DEPLOYMENT_TARGET = 16.2;
				MTL_ENABLE_DEBUG_INFO = INCLUDE_SOURCE;
				MTL_FAST_MATH = YES;
				ONLY_ACTIVE_ARCH = YES;
				SDKROOT = iphoneos;
				SWIFT_ACTIVE_COMPILATION_CONDITIONS = DEBUG;
				SWIFT_OPTIMIZATION_LEVEL = "-Onone";
			};
			name = Debug;
		};
		03BE55E029B1C6CD00202CCB /* Release */ = {
			isa = XCBuildConfiguration;
			buildSettings = {
				ALWAYS_SEARCH_USER_PATHS = NO;
				CLANG_ANALYZER_NONNULL = YES;
				CLANG_ANALYZER_NUMBER_OBJECT_CONVERSION = YES_AGGRESSIVE;
				CLANG_CXX_LANGUAGE_STANDARD = "gnu++20";
				CLANG_ENABLE_MODULES = YES;
				CLANG_ENABLE_OBJC_ARC = YES;
				CLANG_ENABLE_OBJC_WEAK = YES;
				CLANG_WARN_BLOCK_CAPTURE_AUTORELEASING = YES;
				CLANG_WARN_BOOL_CONVERSION = YES;
				CLANG_WARN_COMMA = YES;
				CLANG_WARN_CONSTANT_CONVERSION = YES;
				CLANG_WARN_DEPRECATED_OBJC_IMPLEMENTATIONS = YES;
				CLANG_WARN_DIRECT_OBJC_ISA_USAGE = YES_ERROR;
				CLANG_WARN_DOCUMENTATION_COMMENTS = YES;
				CLANG_WARN_EMPTY_BODY = YES;
				CLANG_WARN_ENUM_CONVERSION = YES;
				CLANG_WARN_INFINITE_RECURSION = YES;
				CLANG_WARN_INT_CONVERSION = YES;
				CLANG_WARN_NON_LITERAL_NULL_CONVERSION = YES;
				CLANG_WARN_OBJC_IMPLICIT_RETAIN_SELF = YES;
				CLANG_WARN_OBJC_LITERAL_CONVERSION = YES;
				CLANG_WARN_OBJC_ROOT_CLASS = YES_ERROR;
				CLANG_WARN_QUOTED_INCLUDE_IN_FRAMEWORK_HEADER = YES;
				CLANG_WARN_RANGE_LOOP_ANALYSIS = YES;
				CLANG_WARN_STRICT_PROTOTYPES = YES;
				CLANG_WARN_SUSPICIOUS_MOVE = YES;
				CLANG_WARN_UNGUARDED_AVAILABILITY = YES_AGGRESSIVE;
				CLANG_WARN_UNREACHABLE_CODE = YES;
				CLANG_WARN__DUPLICATE_METHOD_MATCH = YES;
				COPY_PHASE_STRIP = NO;
				DEBUG_INFORMATION_FORMAT = "dwarf-with-dsym";
				ENABLE_NS_ASSERTIONS = NO;
				ENABLE_STRICT_OBJC_MSGSEND = YES;
				GCC_C_LANGUAGE_STANDARD = gnu11;
				GCC_NO_COMMON_BLOCKS = YES;
				GCC_WARN_64_TO_32_BIT_CONVERSION = YES;
				GCC_WARN_ABOUT_RETURN_TYPE = YES_ERROR;
				GCC_WARN_UNDECLARED_SELECTOR = YES;
				GCC_WARN_UNINITIALIZED_AUTOS = YES_AGGRESSIVE;
				GCC_WARN_UNUSED_FUNCTION = YES;
				GCC_WARN_UNUSED_VARIABLE = YES;
				IPHONEOS_DEPLOYMENT_TARGET = 16.2;
				MTL_ENABLE_DEBUG_INFO = NO;
				MTL_FAST_MATH = YES;
				SDKROOT = iphoneos;
				SWIFT_COMPILATION_MODE = wholemodule;
				SWIFT_OPTIMIZATION_LEVEL = "-O";
				VALIDATE_PRODUCT = YES;
			};
			name = Release;
		};
		03BE55E229B1C6CD00202CCB /* Debug */ = {
			isa = XCBuildConfiguration;
			buildSettings = {
				ASSETCATALOG_COMPILER_APPICON_NAME = AppIcon;
				ASSETCATALOG_COMPILER_GLOBAL_ACCENT_COLOR_NAME = AccentColor;
				CODE_SIGN_STYLE = Automatic;
				CURRENT_PROJECT_VERSION = 1;
				GENERATE_INFOPLIST_FILE = YES;
				INFOPLIST_FILE = "Flixter-Pt-1/Info.plist";
				INFOPLIST_KEY_UIApplicationSupportsIndirectInputEvents = YES;
				INFOPLIST_KEY_UILaunchStoryboardName = LaunchScreen;
				INFOPLIST_KEY_UIMainStoryboardFile = Main;
				INFOPLIST_KEY_UISupportedInterfaceOrientations_iPad = "UIInterfaceOrientationPortrait UIInterfaceOrientationPortraitUpsideDown UIInterfaceOrientationLandscapeLeft UIInterfaceOrientationLandscapeRight";
				INFOPLIST_KEY_UISupportedInterfaceOrientations_iPhone = "UIInterfaceOrientationPortrait UIInterfaceOrientationLandscapeLeft UIInterfaceOrientationLandscapeRight";
				LD_RUNPATH_SEARCH_PATHS = (
					"$(inherited)",
					"@executable_path/Frameworks",
				);
				MARKETING_VERSION = 1.0;
				PRODUCT_BUNDLE_IDENTIFIER = "KennedyParks.Flixter-Pt-1";
				PRODUCT_NAME = "$(TARGET_NAME)";
				SWIFT_EMIT_LOC_STRINGS = YES;
				SWIFT_VERSION = 5.0;
				TARGETED_DEVICE_FAMILY = "1,2";
			};
			name = Debug;
		};
		03BE55E329B1C6CD00202CCB /* Release */ = {
			isa = XCBuildConfiguration;
			buildSettings = {
				ASSETCATALOG_COMPILER_APPICON_NAME = AppIcon;
				ASSETCATALOG_COMPILER_GLOBAL_ACCENT_COLOR_NAME = AccentColor;
				CODE_SIGN_STYLE = Automatic;
				CURRENT_PROJECT_VERSION = 1;
				GENERATE_INFOPLIST_FILE = YES;
				INFOPLIST_FILE = "Flixter-Pt-1/Info.plist";
				INFOPLIST_KEY_UIApplicationSupportsIndirectInputEvents = YES;
				INFOPLIST_KEY_UILaunchStoryboardName = LaunchScreen;
				INFOPLIST_KEY_UIMainStoryboardFile = Main;
				INFOPLIST_KEY_UISupportedInterfaceOrientations_iPad = "UIInterfaceOrientationPortrait UIInterfaceOrientationPortraitUpsideDown UIInterfaceOrientationLandscapeLeft UIInterfaceOrientationLandscapeRight";
				INFOPLIST_KEY_UISupportedInterfaceOrientations_iPhone = "UIInterfaceOrientationPortrait UIInterfaceOrientationLandscapeLeft UIInterfaceOrientationLandscapeRight";
				LD_RUNPATH_SEARCH_PATHS = (
					"$(inherited)",
					"@executable_path/Frameworks",
				);
				MARKETING_VERSION = 1.0;
				PRODUCT_BUNDLE_IDENTIFIER = "KennedyParks.Flixter-Pt-1";
				PRODUCT_NAME = "$(TARGET_NAME)";
				SWIFT_EMIT_LOC_STRINGS = YES;
				SWIFT_VERSION = 5.0;
				TARGETED_DEVICE_FAMILY = "1,2";
			};
			name = Release;
		};
/* End XCBuildConfiguration section */

/* Begin XCConfigurationList section */
		03BE55C829B1C6CA00202CCB /* Build configuration list for PBXProject "Flixter-Pt-1" */ = {
			isa = XCConfigurationList;
			buildConfigurations = (
				03BE55DF29B1C6CD00202CCB /* Debug */,
				03BE55E029B1C6CD00202CCB /* Release */,
			);
			defaultConfigurationIsVisible = 0;
			defaultConfigurationName = Release;
		};
		03BE55E129B1C6CD00202CCB /* Build configuration list for PBXNativeTarget "Flixter-Pt-1" */ = {
			isa = XCConfigurationList;
			buildConfigurations = (
				03BE55E229B1C6CD00202CCB /* Debug */,
				03BE55E329B1C6CD00202CCB /* Release */,
			);
			defaultConfigurationIsVisible = 0;
			defaultConfigurationName = Release;
		};
/* End XCConfigurationList section */

/* Begin XCRemoteSwiftPackageReference section */
		03BE55E829B1C98300202CCB /* XCRemoteSwiftPackageReference "Nuke" */ = {
			isa = XCRemoteSwiftPackageReference;
			repositoryURL = "https://github.com/kean/Nuke.git";
			requirement = {
				kind = exactVersion;
				version = 9.6.1;
			};
		};
/* End XCRemoteSwiftPackageReference section */

/* Begin XCSwiftPackageProductDependency section */
		03BE55E929B1C98300202CCB /* Nuke */ = {
			isa = XCSwiftPackageProductDependency;
			package = 03BE55E829B1C98300202CCB /* XCRemoteSwiftPackageReference "Nuke" */;
			productName = Nuke;
		};
/* End XCSwiftPackageProductDependency section */
	};
	rootObject = 03BE55C529B1C6CA00202CCB /* Project object */;
}
